
Microsoft Visual Studio Solution File, Format Version 12.00
# Visual Studio 14
VisualStudioVersion = 14.0.25123.0
MinimumVisualStudioVersion = 10.0.40219.1
Project("{FAE04EC0-301F-11D3-BF4B-00C04F79EFBC}") = "BlogUITests", "BlogUITests\BlogUITests.csproj", "{8E98A52D-987D-4623-9276-D59ED1A6DC5F}"
EndProject
Project("{FAE04EC0-301F-11D3-BF4B-00C04F79EFBC}") = "BlogAutomation", "BlogAutomation\BlogAutomation.csproj", "{FEE27EB7-790B-4D94-9308-A0BCFE955530}"
EndProject
Global
	GlobalSection(SolutionConfigurationPlatforms) = preSolution
		Debug|Any CPU = Debug|Any CPU
		Release|Any CPU = Release|Any CPU
	EndGlobalSection
	GlobalSection(ProjectConfigurationPlatforms) = postSolution
		{8E98A52D-987D-4623-9276-D59ED1A6DC5F}.Debug|Any CPU.ActiveCfg = Debug|Any CPU
		{8E98A52D-987D-4623-9276-D59ED1A6DC5F}.Debug|Any CPU.Build.0 = Debug|Any CPU
		{8E98A52D-987D-4623-9276-D59ED1A6DC5F}.Release|Any CPU.ActiveCfg = Release|Any CPU
		{8E98A52D-987D-4623-9276-D59ED1A6DC5F}.Release|Any CPU.Build.0 = Release|Any CPU
		{FEE27EB7-790B-4D94-9308-A0BCFE955530}.Debug|Any CPU.ActiveCfg = Debug|Any CPU
		{FEE27EB7-790B-4D94-9308-A0BCFE955530}.Debug|Any CPU.Build.0 = Debug|Any CPU
		{FEE27EB7-790B-4D94-9308-A0BCFE955530}.Release|Any CPU.ActiveCfg = Release|Any CPU
		{FEE27EB7-790B-4D94-9308-A0BCFE955530}.Release|Any CPU.Build.0 = Release|Any CPU
	EndGlobalSection
	GlobalSection(SolutionProperties) = preSolution
		HideSolutionNode = FALSE
	EndGlobalSection
EndGlobal
